
Microsoft Visual Studio Solution File, Format Version 12.00
# Visual Studio Version 17
VisualStudioVersion = 17.3.32929.385
MinimumVisualStudioVersion = 10.0.40219.1
Project("{888888A0-9F3D-457C-B088-3A5042F75D52}") = "hola repor", "hola repor.pyproj", "{700BC61E-7F1D-4D61-B4E0-09B00F4CD9C7}"
EndProject
Global
	GlobalSection(SolutionConfigurationPlatforms) = preSolution
		Debug|Any CPU = Debug|Any CPU
		Release|Any CPU = Release|Any CPU
	EndGlobalSection
	GlobalSection(ProjectConfigurationPlatforms) = postSolution
		{700BC61E-7F1D-4D61-B4E0-09B00F4CD9C7}.Debug|Any CPU.ActiveCfg = Debug|Any CPU
		{700BC61E-7F1D-4D61-B4E0-09B00F4CD9C7}.Release|Any CPU.ActiveCfg = Release|Any CPU
	EndGlobalSection
	GlobalSection(SolutionProperties) = preSolution
		HideSolutionNode = FALSE
	EndGlobalSection
	GlobalSection(ExtensibilityGlobals) = postSolution
		SolutionGuid = {2A2A34D9-909A-4F3F-983E-5684AD2D7F11}
	EndGlobalSection
EndGlobal
